// !$*UTF8*$!
{
	archiveVersion = 1;
	classes = {
	};
	objectVersion = 48;
	objects = {

/* Begin PBXBuildFile section */
		018B16C16E69382646AC59CA /* Pods_SwiftyCompanion.framework in Frameworks */ = {isa = PBXBuildFile; fileRef = F6745E944EFBD8CE0A85F8FC /* Pods_SwiftyCompanion.framework */; };
		6023B8BA226384D7006F0C48 /* AppDelegate.swift in Sources */ = {isa = PBXBuildFile; fileRef = 6023B8B9226384D7006F0C48 /* AppDelegate.swift */; };
		6023B8BC226384D7006F0C48 /* SearchViewController.swift in Sources */ = {isa = PBXBuildFile; fileRef = 6023B8BB226384D7006F0C48 /* SearchViewController.swift */; };
		6023B8BF226384D7006F0C48 /* Main.storyboard in Resources */ = {isa = PBXBuildFile; fileRef = 6023B8BD226384D7006F0C48 /* Main.storyboard */; };
		6023B8C1226384DA006F0C48 /* Assets.xcassets in Resources */ = {isa = PBXBuildFile; fileRef = 6023B8C0226384DA006F0C48 /* Assets.xcassets */; };
		6023B8C4226384DA006F0C48 /* LaunchScreen.storyboard in Resources */ = {isa = PBXBuildFile; fileRef = 6023B8C2226384DA006F0C48 /* LaunchScreen.storyboard */; };
		6023B8CC22638DCF006F0C48 /* ProfileViewController.swift in Sources */ = {isa = PBXBuildFile; fileRef = 6023B8CB22638DCF006F0C48 /* ProfileViewController.swift */; };
		6023B8CE22639AA8006F0C48 /* APIManager.swift in Sources */ = {isa = PBXBuildFile; fileRef = 6023B8CD22639AA8006F0C48 /* APIManager.swift */; };
		6023B8D222639CF4006F0C48 /* Constants.swift in Sources */ = {isa = PBXBuildFile; fileRef = 6023B8D122639CF4006F0C48 /* Constants.swift */; };
		6025CF0322CB7E08002E3B02 /* UserTableViewCell.swift in Sources */ = {isa = PBXBuildFile; fileRef = 6025CF0222CB7E08002E3B02 /* UserTableViewCell.swift */; };
		6025CF0622CBA14F002E3B02 /* ProjectsTableViewCell.swift in Sources */ = {isa = PBXBuildFile; fileRef = 6025CF0522CBA14F002E3B02 /* ProjectsTableViewCell.swift */; };
		6025CF0822CBA15A002E3B02 /* SkillsTableViewCell.swift in Sources */ = {isa = PBXBuildFile; fileRef = 6025CF0722CBA15A002E3B02 /* SkillsTableViewCell.swift */; };
		6025CF0A22CCC624002E3B02 /* ViewController + Extension.swift in Sources */ = {isa = PBXBuildFile; fileRef = 6025CF0922CCC624002E3B02 /* ViewController + Extension.swift */; };
		603DFFD722C9408F00838EF2 /* User.swift in Sources */ = {isa = PBXBuildFile; fileRef = 603DFFD622C9408F00838EF2 /* User.swift */; };
		603DFFD922C9417600838EF2 /* DataService.swift in Sources */ = {isa = PBXBuildFile; fileRef = 603DFFD822C9417600838EF2 /* DataService.swift */; };
/* End PBXBuildFile section */

/* Begin PBXFileReference section */
		6023B8B6226384D7006F0C48 /* SwiftyCompanion.app */ = {isa = PBXFileReference; explicitFileType = wrapper.application; includeInIndex = 0; path = SwiftyCompanion.app; sourceTree = BUILT_PRODUCTS_DIR; };
		6023B8B9226384D7006F0C48 /* AppDelegate.swift */ = {isa = PBXFileReference; lastKnownFileType = sourcecode.swift; path = AppDelegate.swift; sourceTree = "<group>"; };
		6023B8BB226384D7006F0C48 /* SearchViewController.swift */ = {isa = PBXFileReference; lastKnownFileType = sourcecode.swift; path = SearchViewController.swift; sourceTree = "<group>"; };
		6023B8BE226384D7006F0C48 /* Base */ = {isa = PBXFileReference; lastKnownFileType = file.storyboard; name = Base; path = Base.lproj/Main.storyboard; sourceTree = "<group>"; };
		6023B8C0226384DA006F0C48 /* Assets.xcassets */ = {isa = PBXFileReference; lastKnownFileType = folder.assetcatalog; path = Assets.xcassets; sourceTree = "<group>"; };
		6023B8C3226384DA006F0C48 /* Base */ = {isa = PBXFileReference; lastKnownFileType = file.storyboard; name = Base; path = Base.lproj/LaunchScreen.storyboard; sourceTree = "<group>"; };
		6023B8C5226384DA006F0C48 /* Info.plist */ = {isa = PBXFileReference; lastKnownFileType = text.plist.xml; path = Info.plist; sourceTree = "<group>"; };
		6023B8CB22638DCF006F0C48 /* ProfileViewController.swift */ = {isa = PBXFileReference; lastKnownFileType = sourcecode.swift; path = ProfileViewController.swift; sourceTree = "<group>"; };
		6023B8CD22639AA8006F0C48 /* APIManager.swift */ = {isa = PBXFileReference; lastKnownFileType = sourcecode.swift; path = APIManager.swift; sourceTree = "<group>"; };
		6023B8D122639CF4006F0C48 /* Constants.swift */ = {isa = PBXFileReference; lastKnownFileType = sourcecode.swift; path = Constants.swift; sourceTree = "<group>"; };
		6025CF0222CB7E08002E3B02 /* UserTableViewCell.swift */ = {isa = PBXFileReference; lastKnownFileType = sourcecode.swift; path = UserTableViewCell.swift; sourceTree = "<group>"; };
		6025CF0522CBA14F002E3B02 /* ProjectsTableViewCell.swift */ = {isa = PBXFileReference; lastKnownFileType = sourcecode.swift; path = ProjectsTableViewCell.swift; sourceTree = "<group>"; };
		6025CF0722CBA15A002E3B02 /* SkillsTableViewCell.swift */ = {isa = PBXFileReference; lastKnownFileType = sourcecode.swift; path = SkillsTableViewCell.swift; sourceTree = "<group>"; };
		6025CF0922CCC624002E3B02 /* ViewController + Extension.swift */ = {isa = PBXFileReference; lastKnownFileType = sourcecode.swift; path = "ViewController + Extension.swift"; sourceTree = "<group>"; };
		603DFFD622C9408F00838EF2 /* User.swift */ = {isa = PBXFileReference; lastKnownFileType = sourcecode.swift; path = User.swift; sourceTree = "<group>"; };
		603DFFD822C9417600838EF2 /* DataService.swift */ = {isa = PBXFileReference; lastKnownFileType = sourcecode.swift; path = DataService.swift; sourceTree = "<group>"; };
		67F83593188066C5C5E11CF2 /* Pods-SwiftyCompanion.debug.xcconfig */ = {isa = PBXFileReference; includeInIndex = 1; lastKnownFileType = text.xcconfig; name = "Pods-SwiftyCompanion.debug.xcconfig"; path = "Pods/Target Support Files/Pods-SwiftyCompanion/Pods-SwiftyCompanion.debug.xcconfig"; sourceTree = "<group>"; };
		DE84BD5EC85457F95E89D52F /* Pods-SwiftyCompanion.release.xcconfig */ = {isa = PBXFileReference; includeInIndex = 1; lastKnownFileType = text.xcconfig; name = "Pods-SwiftyCompanion.release.xcconfig"; path = "Pods/Target Support Files/Pods-SwiftyCompanion/Pods-SwiftyCompanion.release.xcconfig"; sourceTree = "<group>"; };
		F6745E944EFBD8CE0A85F8FC /* Pods_SwiftyCompanion.framework */ = {isa = PBXFileReference; explicitFileType = wrapper.framework; includeInIndex = 0; path = Pods_SwiftyCompanion.framework; sourceTree = BUILT_PRODUCTS_DIR; };
/* End PBXFileReference section */

/* Begin PBXFrameworksBuildPhase section */
		6023B8B3226384D7006F0C48 /* Frameworks */ = {
			isa = PBXFrameworksBuildPhase;
			buildActionMask = 2147483647;
			files = (
				018B16C16E69382646AC59CA /* Pods_SwiftyCompanion.framework in Frameworks */,
			);
			runOnlyForDeploymentPostprocessing = 0;
		};
/* End PBXFrameworksBuildPhase section */

/* Begin PBXGroup section */
		05FF758FA399545B3AC512F4 /* Pods */ = {
			isa = PBXGroup;
			children = (
				67F83593188066C5C5E11CF2 /* Pods-SwiftyCompanion.debug.xcconfig */,
				DE84BD5EC85457F95E89D52F /* Pods-SwiftyCompanion.release.xcconfig */,
			);
			name = Pods;
			sourceTree = "<group>";
		};
		0CDAF2D6E33FB369E9E9852C /* Frameworks */ = {
			isa = PBXGroup;
			children = (
				F6745E944EFBD8CE0A85F8FC /* Pods_SwiftyCompanion.framework */,
			);
			name = Frameworks;
			sourceTree = "<group>";
		};
		6023B8AD226384D7006F0C48 = {
			isa = PBXGroup;
			children = (
				6023B8B8226384D7006F0C48 /* SwiftyCompanion */,
				6023B8B7226384D7006F0C48 /* Products */,
				05FF758FA399545B3AC512F4 /* Pods */,
				0CDAF2D6E33FB369E9E9852C /* Frameworks */,
			);
			sourceTree = "<group>";
		};
		6023B8B7226384D7006F0C48 /* Products */ = {
			isa = PBXGroup;
			children = (
				6023B8B6226384D7006F0C48 /* SwiftyCompanion.app */,
			);
			name = Products;
			sourceTree = "<group>";
		};
		6023B8B8226384D7006F0C48 /* SwiftyCompanion */ = {
			isa = PBXGroup;
			children = (
				6025CF0422CB8805002E3B02 /* Controller */,
				6025CF0122CB7DE4002E3B02 /* View */,
				6023B8D022639CE9006F0C48 /* Utils */,
				6023B8CF22639AB0006F0C48 /* Model */,
				6023B8B9226384D7006F0C48 /* AppDelegate.swift */,
				6023B8C0226384DA006F0C48 /* Assets.xcassets */,
				6023B8C5226384DA006F0C48 /* Info.plist */,
			);
			path = SwiftyCompanion;
			sourceTree = "<group>";
		};
		6023B8CF22639AB0006F0C48 /* Model */ = {
			isa = PBXGroup;
			children = (
				6023B8CD22639AA8006F0C48 /* APIManager.swift */,
				603DFFD622C9408F00838EF2 /* User.swift */,
				603DFFD822C9417600838EF2 /* DataService.swift */,
			);
			path = Model;
			sourceTree = "<group>";
		};
		6023B8D022639CE9006F0C48 /* Utils */ = {
			isa = PBXGroup;
			children = (
				6023B8D122639CF4006F0C48 /* Constants.swift */,
				6025CF0922CCC624002E3B02 /* ViewController + Extension.swift */,
			);
			path = Utils;
			sourceTree = "<group>";
		};
		6025CF0122CB7DE4002E3B02 /* View */ = {
			isa = PBXGroup;
			children = (
				6023B8BD226384D7006F0C48 /* Main.storyboard */,
				6023B8C2226384DA006F0C48 /* LaunchScreen.storyboard */,
				6025CF0222CB7E08002E3B02 /* UserTableViewCell.swift */,
				6025CF0522CBA14F002E3B02 /* ProjectsTableViewCell.swift */,
				6025CF0722CBA15A002E3B02 /* SkillsTableViewCell.swift */,
			);
			name = View;
			sourceTree = "<group>";
		};
		6025CF0422CB8805002E3B02 /* Controller */ = {
			isa = PBXGroup;
			children = (
				6023B8BB226384D7006F0C48 /* SearchViewController.swift */,
				6023B8CB22638DCF006F0C48 /* ProfileViewController.swift */,
			);
			name = Controller;
			sourceTree = "<group>";
		};
/* End PBXGroup section */

/* Begin PBXNativeTarget section */
		6023B8B5226384D7006F0C48 /* SwiftyCompanion */ = {
			isa = PBXNativeTarget;
			buildConfigurationList = 6023B8C8226384DA006F0C48 /* Build configuration list for PBXNativeTarget "SwiftyCompanion" */;
			buildPhases = (
				8AB99745A168501665B7C9DA /* [CP] Check Pods Manifest.lock */,
				6023B8B2226384D7006F0C48 /* Sources */,
				6023B8B3226384D7006F0C48 /* Frameworks */,
				6023B8B4226384D7006F0C48 /* Resources */,
				30989EBF7E8B494F4DF0F384 /* [CP] Embed Pods Frameworks */,
			);
			buildRules = (
			);
			dependencies = (
			);
			name = SwiftyCompanion;
			productName = SwiftyCompanion;
			productReference = 6023B8B6226384D7006F0C48 /* SwiftyCompanion.app */;
			productType = "com.apple.product-type.application";
		};
/* End PBXNativeTarget section */

/* Begin PBXProject section */
		6023B8AE226384D7006F0C48 /* Project object */ = {
			isa = PBXProject;
			attributes = {
				LastSwiftUpdateCheck = 1020;
				LastUpgradeCheck = 1020;
				ORGANIZATIONNAME = "Anastasia Veremiichyk";
				TargetAttributes = {
					6023B8B5226384D7006F0C48 = {
						CreatedOnToolsVersion = 10.2;
						ProvisioningStyle = Automatic;
					};
				};
			};
			buildConfigurationList = 6023B8B1226384D7006F0C48 /* Build configuration list for PBXProject "SwiftyCompanion" */;
			compatibilityVersion = "Xcode 8.0";
			developmentRegion = en;
			hasScannedForEncodings = 0;
			knownRegions = (
				en,
				Base,
			);
			mainGroup = 6023B8AD226384D7006F0C48;
			productRefGroup = 6023B8B7226384D7006F0C48 /* Products */;
			projectDirPath = "";
			projectRoot = "";
			targets = (
				6023B8B5226384D7006F0C48 /* SwiftyCompanion */,
			);
		};
/* End PBXProject section */

/* Begin PBXResourcesBuildPhase section */
		6023B8B4226384D7006F0C48 /* Resources */ = {
			isa = PBXResourcesBuildPhase;
			buildActionMask = 2147483647;
			files = (
				6023B8C4226384DA006F0C48 /* LaunchScreen.storyboard in Resources */,
				6023B8C1226384DA006F0C48 /* Assets.xcassets in Resources */,
				6023B8BF226384D7006F0C48 /* Main.storyboard in Resources */,
			);
			runOnlyForDeploymentPostprocessing = 0;
		};
/* End PBXResourcesBuildPhase section */

/* Begin PBXShellScriptBuildPhase section */
		30989EBF7E8B494F4DF0F384 /* [CP] Embed Pods Frameworks */ = {
			isa = PBXShellScriptBuildPhase;
			buildActionMask = 2147483647;
			files = (
			);
			inputPaths = (
				"${SRCROOT}/Pods/Target Support Files/Pods-SwiftyCompanion/Pods-SwiftyCompanion-frameworks.sh",
				"${BUILT_PRODUCTS_DIR}/Alamofire/Alamofire.framework",
				"${BUILT_PRODUCTS_DIR}/Kingfisher/Kingfisher.framework",
				"${BUILT_PRODUCTS_DIR}/PKHUD/PKHUD.framework",
				"${BUILT_PRODUCTS_DIR}/SwiftyJSON/SwiftyJSON.framework",
			);
			name = "[CP] Embed Pods Frameworks";
			outputPaths = (
				"${TARGET_BUILD_DIR}/${FRAMEWORKS_FOLDER_PATH}/Alamofire.framework",
				"${TARGET_BUILD_DIR}/${FRAMEWORKS_FOLDER_PATH}/Kingfisher.framework",
				"${TARGET_BUILD_DIR}/${FRAMEWORKS_FOLDER_PATH}/PKHUD.framework",
				"${TARGET_BUILD_DIR}/${FRAMEWORKS_FOLDER_PATH}/SwiftyJSON.framework",
			);
			runOnlyForDeploymentPostprocessing = 0;
			shellPath = /bin/sh;
			shellScript = "\"${SRCROOT}/Pods/Target Support Files/Pods-SwiftyCompanion/Pods-SwiftyCompanion-frameworks.sh\"\n";
			showEnvVarsInLog = 0;
		};
		8AB99745A168501665B7C9DA /* [CP] Check Pods Manifest.lock */ = {
			isa = PBXShellScriptBuildPhase;
			buildActionMask = 2147483647;
			files = (
			);
			inputPaths = (
				"${PODS_PODFILE_DIR_PATH}/Podfile.lock",
				"${PODS_ROOT}/Manifest.lock",
			);
			name = "[CP] Check Pods Manifest.lock";
			outputPaths = (
				"$(DERIVED_FILE_DIR)/Pods-SwiftyCompanion-checkManifestLockResult.txt",
			);
			runOnlyForDeploymentPostprocessing = 0;
			shellPath = /bin/sh;
			shellScript = "diff \"${PODS_PODFILE_DIR_PATH}/Podfile.lock\" \"${PODS_ROOT}/Manifest.lock\" > /dev/null\nif [ $? != 0 ] ; then\n    # print error to STDERR\n    echo \"error: The sandbox is not in sync with the Podfile.lock. Run 'pod install' or update your CocoaPods installation.\" >&2\n    exit 1\nfi\n# This output is used by Xcode 'outputs' to avoid re-running this script phase.\necho \"SUCCESS\" > \"${SCRIPT_OUTPUT_FILE_0}\"\n";
			showEnvVarsInLog = 0;
		};
/* End PBXShellScriptBuildPhase section */

/* Begin PBXSourcesBuildPhase section */
		6023B8B2226384D7006F0C48 /* Sources */ = {
			isa = PBXSourcesBuildPhase;
			buildActionMask = 2147483647;
			files = (
				6023B8D222639CF4006F0C48 /* Constants.swift in Sources */,
				6025CF0A22CCC624002E3B02 /* ViewController + Extension.swift in Sources */,
				6025CF0622CBA14F002E3B02 /* ProjectsTableViewCell.swift in Sources */,
				603DFFD922C9417600838EF2 /* DataService.swift in Sources */,
				6025CF0822CBA15A002E3B02 /* SkillsTableViewCell.swift in Sources */,
				6023B8CE22639AA8006F0C48 /* APIManager.swift in Sources */,
				603DFFD722C9408F00838EF2 /* User.swift in Sources */,
				6025CF0322CB7E08002E3B02 /* UserTableViewCell.swift in Sources */,
				6023B8CC22638DCF006F0C48 /* ProfileViewController.swift in Sources */,
				6023B8BC226384D7006F0C48 /* SearchViewController.swift in Sources */,
				6023B8BA226384D7006F0C48 /* AppDelegate.swift in Sources */,
			);
			runOnlyForDeploymentPostprocessing = 0;
		};
/* End PBXSourcesBuildPhase section */

/* Begin PBXVariantGroup section */
		6023B8BD226384D7006F0C48 /* Main.storyboard */ = {
			isa = PBXVariantGroup;
			children = (
				6023B8BE226384D7006F0C48 /* Base */,
			);
			name = Main.storyboard;
			sourceTree = "<group>";
		};
		6023B8C2226384DA006F0C48 /* LaunchScreen.storyboard */ = {
			isa = PBXVariantGroup;
			children = (
				6023B8C3226384DA006F0C48 /* Base */,
			);
			name = LaunchScreen.storyboard;
			sourceTree = "<group>";
		};
/* End PBXVariantGroup section */

/* Begin XCBuildConfiguration section */
		6023B8C6226384DA006F0C48 /* Debug */ = {
			isa = XCBuildConfiguration;
			buildSettings = {
				ALWAYS_SEARCH_USER_PATHS = NO;
				CLANG_ANALYZER_NONNULL = YES;
				CLANG_ANALYZER_NUMBER_OBJECT_CONVERSION = YES_AGGRESSIVE;
				CLANG_CXX_LANGUAGE_STANDARD = "gnu++14";
				CLANG_CXX_LIBRARY = "libc++";
				CLANG_ENABLE_MODULES = YES;
				CLANG_ENABLE_OBJC_ARC = YES;
				CLANG_ENABLE_OBJC_WEAK = YES;
				CLANG_WARN_BLOCK_CAPTURE_AUTORELEASING = YES;
				CLANG_WARN_BOOL_CONVERSION = YES;
				CLANG_WARN_COMMA = YES;
				CLANG_WARN_CONSTANT_CONVERSION = YES;
				CLANG_WARN_DEPRECATED_OBJC_IMPLEMENTATIONS = YES;
				CLANG_WARN_DIRECT_OBJC_ISA_USAGE = YES_ERROR;
				CLANG_WARN_DOCUMENTATION_COMMENTS = YES;
				CLANG_WARN_EMPTY_BODY = YES;
				CLANG_WARN_ENUM_CONVERSION = YES;
				CLANG_WARN_INFINITE_RECURSION = YES;
				CLANG_WARN_INT_CONVERSION = YES;
				CLANG_WARN_NON_LITERAL_NULL_CONVERSION = YES;
				CLANG_WARN_OBJC_IMPLICIT_RETAIN_SELF = YES;
				CLANG_WARN_OBJC_LITERAL_CONVERSION = YES;
				CLANG_WARN_OBJC_ROOT_CLASS = YES_ERROR;
				CLANG_WARN_RANGE_LOOP_ANALYSIS = YES;
				CLANG_WARN_STRICT_PROTOTYPES = YES;
				CLANG_WARN_SUSPICIOUS_MOVE = YES;
				CLANG_WARN_UNGUARDED_AVAILABILITY = YES_AGGRESSIVE;
				CLANG_WARN_UNREACHABLE_CODE = YES;
				CLANG_WARN__DUPLICATE_METHOD_MATCH = YES;
				CODE_SIGN_IDENTITY = "iPhone Developer";
				COPY_PHASE_STRIP = NO;
				DEBUG_INFORMATION_FORMAT = dwarf;
				ENABLE_STRICT_OBJC_MSGSEND = YES;
				ENABLE_TESTABILITY = YES;
				GCC_C_LANGUAGE_STANDARD = gnu11;
				GCC_DYNAMIC_NO_PIC = NO;
				GCC_NO_COMMON_BLOCKS = YES;
				GCC_OPTIMIZATION_LEVEL = 0;
				GCC_PREPROCESSOR_DEFINITIONS = (
					"DEBUG=1",
					"$(inherited)",
				);
				GCC_WARN_64_TO_32_BIT_CONVERSION = YES;
				GCC_WARN_ABOUT_RETURN_TYPE = YES_ERROR;
				GCC_WARN_UNDECLARED_SELECTOR = YES;
				GCC_WARN_UNINITIALIZED_AUTOS = YES_AGGRESSIVE;
				GCC_WARN_UNUSED_FUNCTION = YES;
				GCC_WARN_UNUSED_VARIABLE = YES;
				IPHONEOS_DEPLOYMENT_TARGET = 10.0;
				MTL_ENABLE_DEBUG_INFO = INCLUDE_SOURCE;
				MTL_FAST_MATH = YES;
				ONLY_ACTIVE_ARCH = YES;
				SDKROOT = iphoneos;
				SWIFT_ACTIVE_COMPILATION_CONDITIONS = DEBUG;
				SWIFT_OPTIMIZATION_LEVEL = "-Onone";
			};
			name = Debug;
		};
		6023B8C7226384DA006F0C48 /* Release */ = {
			isa = XCBuildConfiguration;
			buildSettings = {
				ALWAYS_SEARCH_USER_PATHS = NO;
				CLANG_ANALYZER_NONNULL = YES;
				CLANG_ANALYZER_NUMBER_OBJECT_CONVERSION = YES_AGGRESSIVE;
				CLANG_CXX_LANGUAGE_STANDARD = "gnu++14";
				CLANG_CXX_LIBRARY = "libc++";
				CLANG_ENABLE_MODULES = YES;
				CLANG_ENABLE_OBJC_ARC = YES;
				CLANG_ENABLE_OBJC_WEAK = YES;
				CLANG_WARN_BLOCK_CAPTURE_AUTORELEASING = YES;
				CLANG_WARN_BOOL_CONVERSION = YES;
				CLANG_WARN_COMMA = YES;
				CLANG_WARN_CONSTANT_CONVERSION = YES;
				CLANG_WARN_DEPRECATED_OBJC_IMPLEMENTATIONS = YES;
				CLANG_WARN_DIRECT_OBJC_ISA_USAGE = YES_ERROR;
				CLANG_WARN_DOCUMENTATION_COMMENTS = YES;
				CLANG_WARN_EMPTY_BODY = YES;
				CLANG_WARN_ENUM_CONVERSION = YES;
				CLANG_WARN_INFINITE_RECURSION = YES;
				CLANG_WARN_INT_CONVERSION = YES;
				CLANG_WARN_NON_LITERAL_NULL_CONVERSION = YES;
				CLANG_WARN_OBJC_IMPLICIT_RETAIN_SELF = YES;
				CLANG_WARN_OBJC_LITERAL_CONVERSION = YES;
				CLANG_WARN_OBJC_ROOT_CLASS = YES_ERROR;
				CLANG_WARN_RANGE_LOOP_ANALYSIS = YES;
				CLANG_WARN_STRICT_PROTOTYPES = YES;
				CLANG_WARN_SUSPICIOUS_MOVE = YES;
				CLANG_WARN_UNGUARDED_AVAILABILITY = YES_AGGRESSIVE;
				CLANG_WARN_UNREACHABLE_CODE = YES;
				CLANG_WARN__DUPLICATE_METHOD_MATCH = YES;
				CODE_SIGN_IDENTITY = "iPhone Developer";
				COPY_PHASE_STRIP = NO;
				DEBUG_INFORMATION_FORMAT = "dwarf-with-dsym";
				ENABLE_NS_ASSERTIONS = NO;
				ENABLE_STRICT_OBJC_MSGSEND = YES;
				GCC_C_LANGUAGE_STANDARD = gnu11;
				GCC_NO_COMMON_BLOCKS = YES;
				GCC_WARN_64_TO_32_BIT_CONVERSION = YES;
				GCC_WARN_ABOUT_RETURN_TYPE = YES_ERROR;
				GCC_WARN_UNDECLARED_SELECTOR = YES;
				GCC_WARN_UNINITIALIZED_AUTOS = YES_AGGRESSIVE;
				GCC_WARN_UNUSED_FUNCTION = YES;
				GCC_WARN_UNUSED_VARIABLE = YES;
				IPHONEOS_DEPLOYMENT_TARGET = 10.0;
				MTL_ENABLE_DEBUG_INFO = NO;
				MTL_FAST_MATH = YES;
				SDKROOT = iphoneos;
				SWIFT_OPTIMIZATION_LEVEL = "-Owholemodule";
				VALIDATE_PRODUCT = YES;
			};
			name = Release;
		};
		6023B8C9226384DA006F0C48 /* Debug */ = {
			isa = XCBuildConfiguration;
			baseConfigurationReference = 67F83593188066C5C5E11CF2 /* Pods-SwiftyCompanion.debug.xcconfig */;
			buildSettings = {
				ASSETCATALOG_COMPILER_APPICON_NAME = AppIcon;
				CODE_SIGN_STYLE = Automatic;
				DEVELOPMENT_TEAM = W2AQD9K35K;
				INFOPLIST_FILE = SwiftyCompanion/Info.plist;
				IPHONEOS_DEPLOYMENT_TARGET = 9.0;
				LD_RUNPATH_SEARCH_PATHS = "$(inherited) @executable_path/Frameworks";
				PRODUCT_BUNDLE_IDENTIFIER = "com.anastasiia-veremiichyk.SwiftyCompanion";
				PRODUCT_NAME = "$(TARGET_NAME)";
				SWIFT_VERSION = 4.0;
				TARGETED_DEVICE_FAMILY = "1,2";
			};
			name = Debug;
		};
		6023B8CA226384DA006F0C48 /* Release */ = {
			isa = XCBuildConfiguration;
			baseConfigurationReference = DE84BD5EC85457F95E89D52F /* Pods-SwiftyCompanion.release.xcconfig */;
			buildSettings = {
				ASSETCATALOG_COMPILER_APPICON_NAME = AppIcon;
				CODE_SIGN_STYLE = Automatic;
				DEVELOPMENT_TEAM = W2AQD9K35K;
				INFOPLIST_FILE = SwiftyCompanion/Info.plist;
				IPHONEOS_DEPLOYMENT_TARGET = 9.0;
				LD_RUNPATH_SEARCH_PATHS = "$(inherited) @executable_path/Frameworks";
				PRODUCT_BUNDLE_IDENTIFIER = "com.anastasiia-veremiichyk.SwiftyCompanion";
				PRODUCT_NAME = "$(TARGET_NAME)";
				SWIFT_VERSION = 4.0;
				TARGETED_DEVICE_FAMILY = "1,2";
			};
			name = Release;
		};
/* End XCBuildConfiguration section */

/* Begin XCConfigurationList section */
		6023B8B1226384D7006F0C48 /* Build configuration list for PBXProject "SwiftyCompanion" */ = {
			isa = XCConfigurationList;
			buildConfigurations = (
				6023B8C6226384DA006F0C48 /* Debug */,
				6023B8C7226384DA006F0C48 /* Release */,
			);
			defaultConfigurationIsVisible = 0;
			defaultConfigurationName = Release;
		};
		6023B8C8226384DA006F0C48 /* Build configuration list for PBXNativeTarget "SwiftyCompanion" */ = {
			isa = XCConfigurationList;
			buildConfigurations = (
				6023B8C9226384DA006F0C48 /* Debug */,
				6023B8CA226384DA006F0C48 /* Release */,
			);
			defaultConfigurationIsVisible = 0;
			defaultConfigurationName = Release;
		};
/* End XCConfigurationList section */
	};
	rootObject = 6023B8AE226384D7006F0C48 /* Project object */;
}
